
Microsoft Visual Studio Solution File, Format Version 12.00
# Visual Studio Version 17
VisualStudioVersion = 17.12.35527.113
MinimumVisualStudioVersion = 10.0.40219.1
Project("{2150E333-8FDC-42A3-9474-1A3956D46DE8}") = "src", "src", "{2EBB4841-8902-4016-9CE1-4D0B68A2276D}"
EndProject
Project("{2150E333-8FDC-42A3-9474-1A3956D46DE8}") = "Common", "Common", "{64AB6EA2-03EC-4432-9CA9-40A3B4041537}"
EndProject
Project("{2150E333-8FDC-42A3-9474-1A3956D46DE8}") = "Core", "Core", "{FB5A52CB-7EA0-4E7A-B08B-6F86E58CB171}"
EndProject
Project("{2150E333-8FDC-42A3-9474-1A3956D46DE8}") = "Infrastructure", "Infrastructure", "{EF206083-50E2-419B-9070-CF3B5B3E0F02}"
EndProject
Project("{2150E333-8FDC-42A3-9474-1A3956D46DE8}") = "Presentation", "Presentation", "{D5301A07-EBA2-481B-A833-BE88940FB76F}"
EndProject
Project("{FAE04EC0-301F-11D3-BF4B-00C04F79EFBC}") = "Shared", "Shared\Shared.csproj", "{E2E032AD-7BEA-4197-BF39-7C8F2DDEDAAA}"
EndProject
Project("{FAE04EC0-301F-11D3-BF4B-00C04F79EFBC}") = "Application", "Application\Application.csproj", "{7B9437E7-76A6-4A78-B0C1-BC0801CD5B56}"
EndProject
Project("{FAE04EC0-301F-11D3-BF4B-00C04F79EFBC}") = "Domain", "Domain\Domain.csproj", "{6B6230CD-3703-4CA1-826F-8ED6D26EA382}"
EndProject
Project("{FAE04EC0-301F-11D3-BF4B-00C04F79EFBC}") = "Infrastructure", "Infrastructure\Infrastructure.csproj", "{DBB440F6-00C6-401A-A885-2E915FE9646E}"
EndProject
Project("{2150E333-8FDC-42A3-9474-1A3956D46DE8}") = "UI", "UI", "{B29B762B-BDB1-42FE-A634-98BE42FB8A82}"
EndProject
Project("{FAE04EC0-301F-11D3-BF4B-00C04F79EFBC}") = "Web.Server", "Web\Web.Server\Web.Server.csproj", "{3F12A3BD-3AA7-4C94-99A1-2954EF0462F8}"
EndProject
Project("{54A90642-561A-4BB1-A94E-469ADEE60C69}") = "web.client", "Web\web.client\web.client.esproj", "{D32BACA0-E096-489C-A7C4-B1D245B90C0B}"
EndProject
Global
	GlobalSection(SolutionConfigurationPlatforms) = preSolution
		Debug|Any CPU = Debug|Any CPU
		Release|Any CPU = Release|Any CPU
	EndGlobalSection
	GlobalSection(ProjectConfigurationPlatforms) = postSolution
		{E2E032AD-7BEA-4197-BF39-7C8F2DDEDAAA}.Debug|Any CPU.ActiveCfg = Debug|Any CPU
		{E2E032AD-7BEA-4197-BF39-7C8F2DDEDAAA}.Debug|Any CPU.Build.0 = Debug|Any CPU
		{E2E032AD-7BEA-4197-BF39-7C8F2DDEDAAA}.Release|Any CPU.ActiveCfg = Release|Any CPU
		{E2E032AD-7BEA-4197-BF39-7C8F2DDEDAAA}.Release|Any CPU.Build.0 = Release|Any CPU
		{7B9437E7-76A6-4A78-B0C1-BC0801CD5B56}.Debug|Any CPU.ActiveCfg = Debug|Any CPU
		{7B9437E7-76A6-4A78-B0C1-BC0801CD5B56}.Debug|Any CPU.Build.0 = Debug|Any CPU
		{7B9437E7-76A6-4A78-B0C1-BC0801CD5B56}.Release|Any CPU.ActiveCfg = Release|Any CPU
		{7B9437E7-76A6-4A78-B0C1-BC0801CD5B56}.Release|Any CPU.Build.0 = Release|Any CPU
		{6B6230CD-3703-4CA1-826F-8ED6D26EA382}.Debug|Any CPU.ActiveCfg = Debug|Any CPU
		{6B6230CD-3703-4CA1-826F-8ED6D26EA382}.Debug|Any CPU.Build.0 = Debug|Any CPU
		{6B6230CD-3703-4CA1-826F-8ED6D26EA382}.Release|Any CPU.ActiveCfg = Release|Any CPU
		{6B6230CD-3703-4CA1-826F-8ED6D26EA382}.Release|Any CPU.Build.0 = Release|Any CPU
		{DBB440F6-00C6-401A-A885-2E915FE9646E}.Debug|Any CPU.ActiveCfg = Debug|Any CPU
		{DBB440F6-00C6-401A-A885-2E915FE9646E}.Debug|Any CPU.Build.0 = Debug|Any CPU
		{DBB440F6-00C6-401A-A885-2E915FE9646E}.Release|Any CPU.ActiveCfg = Release|Any CPU
		{DBB440F6-00C6-401A-A885-2E915FE9646E}.Release|Any CPU.Build.0 = Release|Any CPU
		{3F12A3BD-3AA7-4C94-99A1-2954EF0462F8}.Debug|Any CPU.ActiveCfg = Debug|Any CPU
		{3F12A3BD-3AA7-4C94-99A1-2954EF0462F8}.Debug|Any CPU.Build.0 = Debug|Any CPU
		{3F12A3BD-3AA7-4C94-99A1-2954EF0462F8}.Release|Any CPU.ActiveCfg = Release|Any CPU
		{3F12A3BD-3AA7-4C94-99A1-2954EF0462F8}.Release|Any CPU.Build.0 = Release|Any CPU
		{D32BACA0-E096-489C-A7C4-B1D245B90C0B}.Debug|Any CPU.ActiveCfg = Debug|Any CPU
		{D32BACA0-E096-489C-A7C4-B1D245B90C0B}.Debug|Any CPU.Build.0 = Debug|Any CPU
		{D32BACA0-E096-489C-A7C4-B1D245B90C0B}.Debug|Any CPU.Deploy.0 = Debug|Any CPU
		{D32BACA0-E096-489C-A7C4-B1D245B90C0B}.Release|Any CPU.ActiveCfg = Release|Any CPU
		{D32BACA0-E096-489C-A7C4-B1D245B90C0B}.Release|Any CPU.Build.0 = Release|Any CPU
		{D32BACA0-E096-489C-A7C4-B1D245B90C0B}.Release|Any CPU.Deploy.0 = Release|Any CPU
	EndGlobalSection
	GlobalSection(SolutionProperties) = preSolution
		HideSolutionNode = FALSE
	EndGlobalSection
	GlobalSection(NestedProjects) = preSolution
		{64AB6EA2-03EC-4432-9CA9-40A3B4041537} = {2EBB4841-8902-4016-9CE1-4D0B68A2276D}
		{FB5A52CB-7EA0-4E7A-B08B-6F86E58CB171} = {2EBB4841-8902-4016-9CE1-4D0B68A2276D}
		{EF206083-50E2-419B-9070-CF3B5B3E0F02} = {2EBB4841-8902-4016-9CE1-4D0B68A2276D}
		{D5301A07-EBA2-481B-A833-BE88940FB76F} = {2EBB4841-8902-4016-9CE1-4D0B68A2276D}
		{E2E032AD-7BEA-4197-BF39-7C8F2DDEDAAA} = {64AB6EA2-03EC-4432-9CA9-40A3B4041537}
		{7B9437E7-76A6-4A78-B0C1-BC0801CD5B56} = {FB5A52CB-7EA0-4E7A-B08B-6F86E58CB171}
		{6B6230CD-3703-4CA1-826F-8ED6D26EA382} = {FB5A52CB-7EA0-4E7A-B08B-6F86E58CB171}
		{DBB440F6-00C6-401A-A885-2E915FE9646E} = {EF206083-50E2-419B-9070-CF3B5B3E0F02}
		{B29B762B-BDB1-42FE-A634-98BE42FB8A82} = {D5301A07-EBA2-481B-A833-BE88940FB76F}
		{3F12A3BD-3AA7-4C94-99A1-2954EF0462F8} = {B29B762B-BDB1-42FE-A634-98BE42FB8A82}
		{D32BACA0-E096-489C-A7C4-B1D245B90C0B} = {B29B762B-BDB1-42FE-A634-98BE42FB8A82}
	EndGlobalSection
EndGlobal
